PODS:
  - React-Core (0.1.0)
  - react-native-image-picker (7.1.2):
    - React-Core

DEPENDENCIES:
  - react-native-image-picker (from `../node_modules/react-native-image-picker`)

SPEC REPOS:
  trunk:
    - React-Core

EXTERNAL SOURCES:
  react-native-image-picker:
    :path: "../node_modules/react-native-image-picker"

SPEC CHECKSUMS:
  React-Core: c89e140a0ac23ed77a6094fe25d005e9c72e03b0
  react-native-image-picker: 6f8b3ea523b02c622b9e4f9c36f17348aff0909d

PODFILE CHECKSUM: 0692557efe00fd3c19a29dfc7442c55011be62c9

COCOAPODS: 1.15.2
